{
  "nodes": {
    "nixos-hardware": {
      "locked": {
        "lastModified": 1743167577,
        "narHash": "sha256-I09SrXIO0UdyBFfh0fxDq5WnCDg8XKmZ1HQbaXzMA1k=",
        "owner": "NixOS",
        "repo": "nixos-hardware",
        "rev": "0ed819e708af17bfc4bbc63ee080ef308a24aa42",
        "type": "github"
      },
      "original": {
        "owner": "NixOS",
        "repo": "nixos-hardware",
        "type": "github"
      }
    },
    "nixpkgs": {
      "locked": {
        "lastModified": 1743259260,
        "narHash": "sha256-ArWLUgRm1tKHiqlhnymyVqi5kLNCK5ghvm06mfCl4QY=",
        "owner": "NixOS",
        "repo": "nixpkgs",
        "rev": "eb0e0f21f15c559d2ac7633dc81d079d1caf5f5f",
        "type": "github"
      },
      "original": {
        "owner": "NixOS",
        "ref": "nixpkgs-unstable",
        "repo": "nixpkgs",
        "type": "github"
      }
    },
    "root": {
      "inputs": {
        "nixos-hardware": "nixos-hardware",
        "nixpkgs": "nixpkgs"
      }
    }
  },
  "root": "root",
  "version": 7
}
